<?xml version="1.0" encoding="UTF-8" standalone="yes" ?>
<CodeBlocks_project_file>
	<FileVersion major="1" minor="6" />
	<Project>
		<Option title="FortranProject" />
		<Option pch_mode="2" />
		<Option compiler="gcc" />
		<Build>
			<Target title="default">
				<Option output="FortranProject" prefix_auto="1" extension_auto="1" />
				<Option type="3" />
				<Option compiler="gcc" />
				<Option host_application="codeblocks" />
				<Compiler>
					<Add option="-Wall" />
					<Add option="-g" />
					<Add option="-pipe" />
					<Add option="-mthreads" />
					<Add option="-fmessage-length=0" />
					<Add option="-fexceptions" />
					<Add option="-Winvalid-pch" />
					<Add option="-DBUILDING_PLUGIN" />
					<Add option="-DHAVE_W32API_H" />
					<Add option="-D__WXMSW__" />
					<Add option="-DWXUSINGDLL" />
					<Add option="-DcbDEBUG" />
					<Add option="-DCB_PRECOMP" />
					<Add option="-DWX_PRECOMP" />
					<Add option="-DwxUSE_UNICODE" />
					<Add directory="$(#cb)\include" />
					<Add directory="$(#cb)\include\wxscintilla\include" />
					<Add directory="$(#wx.include)" />
					<Add directory="$(#wx.lib)\gcc_dll\mswu" />
				</Compiler>
				<Linker>
					<Add library="codeblocks" />
					<Add library="wxmsw28u" />
					<Add library="wxscintilla" />
					<Add directory="$(#cb)\devel" />
					<Add directory="$(#wx.lib)\gcc_dll" />
				</Linker>
			</Target>
		</Build>
		<Compiler>
			<Add option="-g" />
			<Add directory="$(#cb)\include" />
			<Add directory="$(#cb)\sdk\wxscintilla\include" />
			<Add directory="$(#wx.include)" />
			<Add directory="#(wx.lib)\gcc_dll\mswu" />
		</Compiler>
		<Linker>
			<Add library="codeblocks" />
			<Add library="wxmsw28u" />
			<Add directory="$(#cb)\devel" />
			<Add directory="$(#wx.lib)\gcc_dll" />
		</Linker>
		<ExtraCommands>
			<Add after="zip -j9 FortranProject.zip manifest.xml resources\workspacebrowserf.xrc resources\settings.xrc resources\fortranprojecttoolbar.xrc" />
			<Add after="zip -r9  FortranProject.zip images" />
			<Add after="zip -j9 FortranProject.cbplugin FortranProject.dll FortranProject.zip" />
			<Mode after="always" />
		</ExtraCommands>
		<Unit filename="ccsmartfilter.cpp" />
		<Unit filename="ccsmartfilter.h" />
		<Unit filename="finfowindow.cpp" />
		<Unit filename="finfowindow.h" />
		<Unit filename="fortranproject.cpp" />
		<Unit filename="fortranproject.h" />
		<Unit filename="fpoptionsdlg.cpp" />
		<Unit filename="fpoptionsdlg.h" />
		<Unit filename="jumptracker.cpp" />
		<Unit filename="jumptracker.h" />
		<Unit filename="keywordsparserf.cpp" />
		<Unit filename="keywordsparserf.h" />
		<Unit filename="lineaddress.h" />
		<Unit filename="manifest.xml" />
		<Unit filename="nativeparserf.cpp" />
		<Unit filename="nativeparserf.h" />
		<Unit filename="parserf.cpp" />
		<Unit filename="parserf.h" />
		<Unit filename="parserthreadf.cpp" />
		<Unit filename="parserthreadf.h" />
		<Unit filename="projectdependencies.cpp" />
		<Unit filename="projectdependencies.h" />
		<Unit filename="resources\fortranprojecttoolbar.xrc" />
		<Unit filename="resources\settings.xrc" />
		<Unit filename="resources\workspacebrowserf.xrc" />
		<Unit filename="tokenf.cpp" />
		<Unit filename="tokenf.h" />
		<Unit filename="tokenizerf.cpp" />
		<Unit filename="tokenizerf.h" />
		<Unit filename="workspacebrowserbuilder.cpp" />
		<Unit filename="workspacebrowserbuilder.h" />
		<Unit filename="workspacebrowserf.cpp" />
		<Unit filename="workspacebrowserf.h" />
		<Extensions>
			<code_completion />
			<debugger />
			<envvars />
			<wxsmith version="1">
				<gui name="wxWidgets" src="" main="" init_handlers="necessary" language="CPP" />
			</wxsmith>
		</Extensions>
	</Project>
</CodeBlocks_project_file>
